
Microsoft Visual Studio Solution File, Format Version 12.00
# Visual Studio Version 16
VisualStudioVersion = 16.0.32106.194
MinimumVisualStudioVersion = 10.0.40219.1
Project("{FAE04EC0-301F-11D3-BF4B-00C04F79EFBC}") = "MadPay.Web", "MadPay.Web.csproj", "{F9E5E6F7-DCDE-4369-A9B1-729B6D169548}"
EndProject
Project("{FAE04EC0-301F-11D3-BF4B-00C04F79EFBC}") = "MadPay.Common", "..\MadPay.Common\MadPay.Common.csproj", "{737F4AC4-9FA7-46D5-BC6E-1782362215C1}"
EndProject
Project("{FAE04EC0-301F-11D3-BF4B-00C04F79EFBC}") = "MadPay.Services", "..\MadPay.Services\MadPay.Services.csproj", "{7A4FE322-6FF9-45C4-944C-763D4F321AD4}"
EndProject
Project("{FAE04EC0-301F-11D3-BF4B-00C04F79EFBC}") = "MadPay.Data", "..\MadPay.Data\MadPay.Data.csproj", "{D90ECF69-90B8-4058-BAF4-8D1A0E127561}"
EndProject
Project("{FAE04EC0-301F-11D3-BF4B-00C04F79EFBC}") = "MadPay.Repo", "..\MadPay.Repo\MadPay.Repo.csproj", "{EB899386-1D5B-4F22-83E1-7867501EDC0C}"
EndProject
Global
	GlobalSection(SolutionConfigurationPlatforms) = preSolution
		Debug|Any CPU = Debug|Any CPU
		Release|Any CPU = Release|Any CPU
	EndGlobalSection
	GlobalSection(ProjectConfigurationPlatforms) = postSolution
		{F9E5E6F7-DCDE-4369-A9B1-729B6D169548}.Debug|Any CPU.ActiveCfg = Debug|Any CPU
		{F9E5E6F7-DCDE-4369-A9B1-729B6D169548}.Debug|Any CPU.Build.0 = Debug|Any CPU
		{F9E5E6F7-DCDE-4369-A9B1-729B6D169548}.Release|Any CPU.ActiveCfg = Release|Any CPU
		{F9E5E6F7-DCDE-4369-A9B1-729B6D169548}.Release|Any CPU.Build.0 = Release|Any CPU
		{737F4AC4-9FA7-46D5-BC6E-1782362215C1}.Debug|Any CPU.ActiveCfg = Debug|Any CPU
		{737F4AC4-9FA7-46D5-BC6E-1782362215C1}.Debug|Any CPU.Build.0 = Debug|Any CPU
		{737F4AC4-9FA7-46D5-BC6E-1782362215C1}.Release|Any CPU.ActiveCfg = Release|Any CPU
		{737F4AC4-9FA7-46D5-BC6E-1782362215C1}.Release|Any CPU.Build.0 = Release|Any CPU
		{7A4FE322-6FF9-45C4-944C-763D4F321AD4}.Debug|Any CPU.ActiveCfg = Debug|Any CPU
		{7A4FE322-6FF9-45C4-944C-763D4F321AD4}.Debug|Any CPU.Build.0 = Debug|Any CPU
		{7A4FE322-6FF9-45C4-944C-763D4F321AD4}.Release|Any CPU.ActiveCfg = Release|Any CPU
		{7A4FE322-6FF9-45C4-944C-763D4F321AD4}.Release|Any CPU.Build.0 = Release|Any CPU
		{D90ECF69-90B8-4058-BAF4-8D1A0E127561}.Debug|Any CPU.ActiveCfg = Debug|Any CPU
		{D90ECF69-90B8-4058-BAF4-8D1A0E127561}.Debug|Any CPU.Build.0 = Debug|Any CPU
		{D90ECF69-90B8-4058-BAF4-8D1A0E127561}.Release|Any CPU.ActiveCfg = Release|Any CPU
		{D90ECF69-90B8-4058-BAF4-8D1A0E127561}.Release|Any CPU.Build.0 = Release|Any CPU
		{EB899386-1D5B-4F22-83E1-7867501EDC0C}.Debug|Any CPU.ActiveCfg = Debug|Any CPU
		{EB899386-1D5B-4F22-83E1-7867501EDC0C}.Debug|Any CPU.Build.0 = Debug|Any CPU
		{EB899386-1D5B-4F22-83E1-7867501EDC0C}.Release|Any CPU.ActiveCfg = Release|Any CPU
		{EB899386-1D5B-4F22-83E1-7867501EDC0C}.Release|Any CPU.Build.0 = Release|Any CPU
	EndGlobalSection
	GlobalSection(SolutionProperties) = preSolution
		HideSolutionNode = FALSE
	EndGlobalSection
	GlobalSection(ExtensibilityGlobals) = postSolution
		SolutionGuid = {0B9A72B3-B0F5-4CE5-88D0-674B8FB7510E}
	EndGlobalSection
EndGlobal
